
Microsoft Visual Studio Solution File, Format Version 12.00
# Visual Studio Version 17
VisualStudioVersion = 17.5.33414.496
MinimumVisualStudioVersion = 10.0.40219.1
Project("{FAE04EC0-301F-11D3-BF4B-00C04F79EFBC}") = "Aula_20_03_2023", "Aula_20_03_2023.csproj", "{630750D3-0389-4D55-8BD7-69BDA62F1F5B}"
EndProject
Global
	GlobalSection(SolutionConfigurationPlatforms) = preSolution
		Debug|Any CPU = Debug|Any CPU
		Release|Any CPU = Release|Any CPU
	EndGlobalSection
	GlobalSection(ProjectConfigurationPlatforms) = postSolution
		{630750D3-0389-4D55-8BD7-69BDA62F1F5B}.Debug|Any CPU.ActiveCfg = Debug|Any CPU
		{630750D3-0389-4D55-8BD7-69BDA62F1F5B}.Debug|Any CPU.Build.0 = Debug|Any CPU
		{630750D3-0389-4D55-8BD7-69BDA62F1F5B}.Release|Any CPU.ActiveCfg = Release|Any CPU
		{630750D3-0389-4D55-8BD7-69BDA62F1F5B}.Release|Any CPU.Build.0 = Release|Any CPU
	EndGlobalSection
	GlobalSection(SolutionProperties) = preSolution
		HideSolutionNode = FALSE
	EndGlobalSection
	GlobalSection(ExtensibilityGlobals) = postSolution
		SolutionGuid = {C152820E-6960-4346-9B6B-838F99BC9C64}
	EndGlobalSection
EndGlobal
